Microsoft Visual Studio Solution File, Format Version 9.00
# Visual Studio 2005
Project("{FAE04EC0-301F-11D3-BF4B-00C04F79EFBC}") = "GPSTrackConverter", "GPSTrackConverter.csproj", "{7795F901-B04D-4A40-A6EB-9685035A9144}"
	ProjectSection(WebsiteProperties) = preProject
		Debug.AspNetCompiler.Debug = "True"
		Release.AspNetCompiler.Debug = "False"
	EndProjectSection
EndProject
Global
	GlobalSection(SourceCodeControl) = preSolution
		SccNumberOfProjects = 2
		SccLocalPath0 = .
		CanCheckoutShared = false
		SccProjectUniqueName1 = GPSTrackConverter.csproj
		SccLocalPath1 = .
		CanCheckoutShared = false
	EndGlobalSection
	GlobalSection(SolutionConfigurationPlatforms) = preSolution
		Debug|Any CPU = Debug|Any CPU
		Release|Any CPU = Release|Any CPU
	EndGlobalSection
	GlobalSection(ProjectConfigurationPlatforms) = postSolution
		{7795F901-B04D-4A40-A6EB-9685035A9144}.Debug|Any CPU.ActiveCfg = Debug|Any CPU
		{7795F901-B04D-4A40-A6EB-9685035A9144}.Debug|Any CPU.Build.0 = Debug|Any CPU
		{7795F901-B04D-4A40-A6EB-9685035A9144}.Release|Any CPU.ActiveCfg = Release|Any CPU
		{7795F901-B04D-4A40-A6EB-9685035A9144}.Release|Any CPU.Build.0 = Release|Any CPU
	EndGlobalSection
	GlobalSection(SolutionProperties) = preSolution
		HideSolutionNode = FALSE
	EndGlobalSection
EndGlobal
